
Microsoft Visual Studio Solution File, Format Version 12.00
# Visual Studio Version 17
VisualStudioVersion = 17.4.33205.214
MinimumVisualStudioVersion = 10.0.40219.1
Project("{FAE04EC0-301F-11D3-BF4B-00C04F79EFBC}") = "WpfApp5", "WpfApp5\WpfApp5.csproj", "{BB47C1C7-84E9-428F-B4D7-975EC8D2DBE5}"
EndProject
Global
	GlobalSection(SolutionConfigurationPlatforms) = preSolution
		Debug|Any CPU = Debug|Any CPU
		Release|Any CPU = Release|Any CPU
	EndGlobalSection
	GlobalSection(ProjectConfigurationPlatforms) = postSolution
		{BB47C1C7-84E9-428F-B4D7-975EC8D2DBE5}.Debug|Any CPU.ActiveCfg = Debug|Any CPU
		{BB47C1C7-84E9-428F-B4D7-975EC8D2DBE5}.Debug|Any CPU.Build.0 = Debug|Any CPU
		{BB47C1C7-84E9-428F-B4D7-975EC8D2DBE5}.Release|Any CPU.ActiveCfg = Release|Any CPU
		{BB47C1C7-84E9-428F-B4D7-975EC8D2DBE5}.Release|Any CPU.Build.0 = Release|Any CPU
	EndGlobalSection
	GlobalSection(SolutionProperties) = preSolution
		HideSolutionNode = FALSE
	EndGlobalSection
	GlobalSection(ExtensibilityGlobals) = postSolution
		SolutionGuid = {1EE06EED-1BAE-4630-8AAF-414AF8FB1158}
	EndGlobalSection
EndGlobal
